
Microsoft Visual Studio Solution File, Format Version 12.00
# Visual Studio Version 16
VisualStudioVersion = 16.0.30309.148
MinimumVisualStudioVersion = 10.0.40219.1
Project("{FAE04EC0-301F-11D3-BF4B-00C04F79EFBC}") = "EVO_WebAPP", "EVO_WebAPP\EVO_WebAPP.csproj", "{924D6A68-F455-4DF1-84BE-78E46945A509}"
EndProject
Global
	GlobalSection(SolutionConfigurationPlatforms) = preSolution
		Debug|Any CPU = Debug|Any CPU
		Release|Any CPU = Release|Any CPU
	EndGlobalSection
	GlobalSection(ProjectConfigurationPlatforms) = postSolution
		{924D6A68-F455-4DF1-84BE-78E46945A509}.Debug|Any CPU.ActiveCfg = Debug|Any CPU
		{924D6A68-F455-4DF1-84BE-78E46945A509}.Debug|Any CPU.Build.0 = Debug|Any CPU
		{924D6A68-F455-4DF1-84BE-78E46945A509}.Release|Any CPU.ActiveCfg = Release|Any CPU
		{924D6A68-F455-4DF1-84BE-78E46945A509}.Release|Any CPU.Build.0 = Release|Any CPU
	EndGlobalSection
	GlobalSection(SolutionProperties) = preSolution
		HideSolutionNode = FALSE
	EndGlobalSection
	GlobalSection(ExtensibilityGlobals) = postSolution
		SolutionGuid = {638C6822-11E8-4358-98D6-FBC605BEA3E6}
	EndGlobalSection
EndGlobal
